
Microsoft Visual Studio Solution File, Format Version 12.00
# Visual Studio 15
Project("{FAE04EC0-301F-11D3-BF4B-00C04F79EFBC}") = "Oculus.Interaction.Editor", "Oculus.Interaction.Editor.csproj", "{900DC7D2-BE38-9808-BE31-E54BA9EF28BD}"
EndProject
Project("{FAE04EC0-301F-11D3-BF4B-00C04F79EFBC}") = "Meta.WitAi.Conduit", "Meta.WitAi.Conduit.csproj", "{BAA3B81D-8426-2FAC-03BC-F56CC441D37D}"
EndProject
Project("{FAE04EC0-301F-11D3-BF4B-00C04F79EFBC}") = "Oculus.VR", "Oculus.VR.csproj", "{65D759CE-F99E-7FB5-6EF5-1EF6B6478524}"
EndProject
Project("{FAE04EC0-301F-11D3-BF4B-00C04F79EFBC}") = "Oculus.Interaction", "Oculus.Interaction.csproj", "{ADA8A6A8-2515-2729-56D7-19CBE95A6AD8}"
EndProject
Project("{FAE04EC0-301F-11D3-BF4B-00C04F79EFBC}") = "Meta.Voice.Samples.ShapesConduit", "Meta.Voice.Samples.ShapesConduit.csproj", "{DED7CD22-DAEB-D866-CCD7-5DC872DDB8B7}"
EndProject
Project("{FAE04EC0-301F-11D3-BF4B-00C04F79EFBC}") = "Meta.WitAi.Editor", "Meta.WitAi.Editor.csproj", "{51B5EEA6-25C3-8D19-8E46-92A789DE18AA}"
EndProject
Project("{FAE04EC0-301F-11D3-BF4B-00C04F79EFBC}") = "Oculus.Platform", "Oculus.Platform.csproj", "{E6DFC247-0987-60B9-487C-03246AD0A4E1}"
EndProject
Project("{FAE04EC0-301F-11D3-BF4B-00C04F79EFBC}") = "VoiceSDK.Telemetry", "VoiceSDK.Telemetry.csproj", "{BA066E86-C058-48C3-7F62-306431D4AD54}"
EndProject
Project("{FAE04EC0-301F-11D3-BF4B-00C04F79EFBC}") = "Meta.WitAi.Conduit.Editor", "Meta.WitAi.Conduit.Editor.csproj", "{1E492136-6390-A99A-5ADC-12CE98C668BA}"
EndProject
Project("{FAE04EC0-301F-11D3-BF4B-00C04F79EFBC}") = "Meta.WitAi", "Meta.WitAi.csproj", "{731F5E7A-6E97-9EDB-082F-45090E1EB573}"
EndProject
Project("{FAE04EC0-301F-11D3-BF4B-00C04F79EFBC}") = "Oculus.Interaction.OVR.Samples", "Oculus.Interaction.OVR.Samples.csproj", "{0B9C941E-D66D-79BC-CFC7-8770BC1859DD}"
EndProject
Project("{FAE04EC0-301F-11D3-BF4B-00C04F79EFBC}") = "Assembly-CSharp", "Assembly-CSharp.csproj", "{8E7C8A8B-843A-4C85-A279-CE2AB5CB328B}"
EndProject
Project("{FAE04EC0-301F-11D3-BF4B-00C04F79EFBC}") = "Meta.WitAi.Lib", "Meta.WitAi.Lib.csproj", "{4F01857C-B0AB-FA5C-045F-63F599D22C7E}"
EndProject
Project("{FAE04EC0-301F-11D3-BF4B-00C04F79EFBC}") = "Oculus.VR.Editor", "Oculus.VR.Editor.csproj", "{FD46ED19-2A49-BD3F-55F7-8C975171B07B}"
EndProject
Project("{FAE04EC0-301F-11D3-BF4B-00C04F79EFBC}") = "Meta.Voice.Hub.Runtime", "Meta.Voice.Hub.Runtime.csproj", "{A52CADC0-411B-5A8F-2A2E-3780BCC32D92}"
EndProject
Project("{FAE04EC0-301F-11D3-BF4B-00C04F79EFBC}") = "Oculus.Interaction.OVR.Editor", "Oculus.Interaction.OVR.Editor.csproj", "{B4B9C89F-B990-D61D-E18B-0A1B5AEF77E8}"
EndProject
Project("{FAE04EC0-301F-11D3-BF4B-00C04F79EFBC}") = "VoiceSDK.Dictation.Runtime", "VoiceSDK.Dictation.Runtime.csproj", "{01D18582-34D9-6DFD-A105-8C49F8313455}"
EndProject
Project("{FAE04EC0-301F-11D3-BF4B-00C04F79EFBC}") = "Oculus.LipSync", "Oculus.LipSync.csproj", "{47039BC6-423B-3EF2-5AC9-56CA57DA868A}"
EndProject
Project("{FAE04EC0-301F-11D3-BF4B-00C04F79EFBC}") = "Oculus.Interaction.OVR", "Oculus.Interaction.OVR.csproj", "{90507262-5BF7-BF7E-2B01-23E531A6142D}"
EndProject
Project("{FAE04EC0-301F-11D3-BF4B-00C04F79EFBC}") = "Meta.WitAi.TTS.Samples", "Meta.WitAi.TTS.Samples.csproj", "{ABB1E98B-6EFA-1F8C-6DBB-BE98F0FADF48}"
EndProject
Project("{FAE04EC0-301F-11D3-BF4B-00C04F79EFBC}") = "Meta.Voice.Hub.Editor", "Meta.Voice.Hub.Editor.csproj", "{C3BAD54C-841F-637D-7E4F-54DFD4AC292D}"
EndProject
Project("{FAE04EC0-301F-11D3-BF4B-00C04F79EFBC}") = "VoiceSDK.Editor", "VoiceSDK.Editor.csproj", "{F3C0EFC9-DA71-BE6C-931D-3EEA7F8FE715}"
EndProject
Project("{FAE04EC0-301F-11D3-BF4B-00C04F79EFBC}") = "Meta.WitAI.Lib.Editor", "Meta.WitAI.Lib.Editor.csproj", "{AAEAE7F8-1062-8C2A-5110-6D509871DB8C}"
EndProject
Project("{FAE04EC0-301F-11D3-BF4B-00C04F79EFBC}") = "Oculus.Spatializer.Editor", "Oculus.Spatializer.Editor.csproj", "{EE38B020-1180-C28B-DA4F-47E44DFA3F80}"
EndProject
Project("{FAE04EC0-301F-11D3-BF4B-00C04F79EFBC}") = "Meta.WitAi.TTS", "Meta.WitAi.TTS.csproj", "{58C7948D-3D61-726B-3867-0333E1FB08CE}"
EndProject
Project("{FAE04EC0-301F-11D3-BF4B-00C04F79EFBC}") = "AssistantCoreSDKRuntime", "AssistantCoreSDKRuntime.csproj", "{1AD26AFB-153C-0BE9-9477-3933E267F51C}"
EndProject
Project("{FAE04EC0-301F-11D3-BF4B-00C04F79EFBC}") = "Oculus.AudioManager", "Oculus.AudioManager.csproj", "{66605DCF-7F9D-887D-6CAE-0D7E8E3BC96A}"
EndProject
Project("{FAE04EC0-301F-11D3-BF4B-00C04F79EFBC}") = "VoiceSDK.Runtime", "VoiceSDK.Runtime.csproj", "{42C2CD06-2BE2-C5DF-9292-17B859F7E3BA}"
EndProject
Project("{FAE04EC0-301F-11D3-BF4B-00C04F79EFBC}") = "Facebook.Wit.Dictation", "Facebook.Wit.Dictation.csproj", "{E9D1AAB7-1D65-FABD-6AB1-547D2A2C8F69}"
EndProject
Project("{FAE04EC0-301F-11D3-BF4B-00C04F79EFBC}") = "Meta.WitAi.TTS.Editor", "Meta.WitAi.TTS.Editor.csproj", "{1C710D2B-2D2C-01BD-56B1-7A001F0FE92A}"
EndProject
Project("{FAE04EC0-301F-11D3-BF4B-00C04F79EFBC}") = "Meta.Voice.Samples.BuiltInTimer", "Meta.Voice.Samples.BuiltInTimer.csproj", "{DBC73BEB-9A69-331B-A605-4C2D5EE5F534}"
EndProject
Project("{FAE04EC0-301F-11D3-BF4B-00C04F79EFBC}") = "Oculus.Platform.Editor", "Oculus.Platform.Editor.csproj", "{217F9AC8-EB41-3B64-460F-A5BD77B65258}"
EndProject
Project("{FAE04EC0-301F-11D3-BF4B-00C04F79EFBC}") = "Meta.XR.BuildingBlocks.Editor", "Meta.XR.BuildingBlocks.Editor.csproj", "{06188B88-4ACD-F361-490F-421F446FBBF0}"
EndProject
Project("{FAE04EC0-301F-11D3-BF4B-00C04F79EFBC}") = "Meta.Voice.Samples.TTSVoices", "Meta.Voice.Samples.TTSVoices.csproj", "{20590269-9522-7FCB-F221-444C357025A8}"
EndProject
Project("{FAE04EC0-301F-11D3-BF4B-00C04F79EFBC}") = "Meta.Voice.VSDKHub.Editor", "Meta.Voice.VSDKHub.Editor.csproj", "{FCBBC16A-9226-E33B-864C-44CF05B4FAC8}"
EndProject
Project("{FAE04EC0-301F-11D3-BF4B-00C04F79EFBC}") = "Oculus.AudioManager.Audio.Editor", "Oculus.AudioManager.Audio.Editor.csproj", "{385B66D4-275B-6EC7-7EBA-8FB68BA09E31}"
EndProject
Project("{FAE04EC0-301F-11D3-BF4B-00C04F79EFBC}") = "Assembly-CSharp-Editor", "Assembly-CSharp-Editor.csproj", "{CD963ACF-5C35-5673-6B56-1C4D57857A5F}"
EndProject
Project("{FAE04EC0-301F-11D3-BF4B-00C04F79EFBC}") = "Meta.Voice.Samples.Chess", "Meta.Voice.Samples.Chess.csproj", "{D2997153-AA0C-868F-6EE7-78F4321C1275}"
EndProject
Project("{FAE04EC0-301F-11D3-BF4B-00C04F79EFBC}") = "Oculus.VR.Scripts.Editor", "Oculus.VR.Scripts.Editor.csproj", "{5CA45DD8-457C-3484-8369-EDA4C67DFD02}"
EndProject
Project("{FAE04EC0-301F-11D3-BF4B-00C04F79EFBC}") = "Meta.Voice.Samples.LightTraits", "Meta.Voice.Samples.LightTraits.csproj", "{169D715C-F3A8-D5FA-D202-245774428D4F}"
EndProject
Project("{FAE04EC0-301F-11D3-BF4B-00C04F79EFBC}") = "Meta.Voice.Samples.Dictation", "Meta.Voice.Samples.Dictation.csproj", "{2F9DC417-24CB-5013-0445-DD7043C1633D}"
EndProject
Project("{FAE04EC0-301F-11D3-BF4B-00C04F79EFBC}") = "Meta.Voice.Samples.Shapes", "Meta.Voice.Samples.Shapes.csproj", "{D73B90F0-12A2-EBE0-1150-502ED9BC82A9}"
EndProject
Project("{FAE04EC0-301F-11D3-BF4B-00C04F79EFBC}") = "Oculus.Interaction.Samples.Editor", "Oculus.Interaction.Samples.Editor.csproj", "{71317666-8257-7C94-FF1C-5EB5C69303D6}"
EndProject
Project("{FAE04EC0-301F-11D3-BF4B-00C04F79EFBC}") = "Meta.XR.BuildingBlocks", "Meta.XR.BuildingBlocks.csproj", "{69403E5B-529E-F996-303D-F9E4F36BE799}"
EndProject
Project("{FAE04EC0-301F-11D3-BF4B-00C04F79EFBC}") = "Oculus.Spatializer", "Oculus.Spatializer.csproj", "{4D5E5B53-6E9D-315E-D430-7C4C275C4F77}"
EndProject
Project("{FAE04EC0-301F-11D3-BF4B-00C04F79EFBC}") = "Oculus.LipSync.Editor", "Oculus.LipSync.Editor.csproj", "{BA980A78-0403-E28B-0497-5A699BC5B599}"
EndProject
Project("{FAE04EC0-301F-11D3-BF4B-00C04F79EFBC}") = "Oculus.AudioManager.Utils.Editor", "Oculus.AudioManager.Utils.Editor.csproj", "{E378AD3A-9C00-E68F-7704-702FF39CB43F}"
EndProject
Project("{FAE04EC0-301F-11D3-BF4B-00C04F79EFBC}") = "Meta.VoiceSDK.Mic.Common", "Meta.VoiceSDK.Mic.Common.csproj", "{3722FF9D-F67C-6B9E-9C42-0D4706F5041A}"
EndProject
Project("{FAE04EC0-301F-11D3-BF4B-00C04F79EFBC}") = "VoiceSDK.Dictation.Editor", "VoiceSDK.Dictation.Editor.csproj", "{51958226-5481-7CF0-F061-7E1103F3840A}"
EndProject
Project("{FAE04EC0-301F-11D3-BF4B-00C04F79EFBC}") = "Meta.VoiceSDK.Mic.Other", "Meta.VoiceSDK.Mic.Other.csproj", "{BE176DDD-7092-F8DA-7EB2-94F30E1529E3}"
EndProject
Project("{FAE04EC0-301F-11D3-BF4B-00C04F79EFBC}") = "AssistantCoreSDKEditor", "AssistantCoreSDKEditor.csproj", "{94077B40-B311-3A2B-6CA2-BD6084077332}"
EndProject
Project("{FAE04EC0-301F-11D3-BF4B-00C04F79EFBC}") = "Oculus.Interaction.InterfaceSupport", "Oculus.Interaction.InterfaceSupport.csproj", "{0BFA3977-5603-B9E0-07B7-A9E7EB4242B0}"
EndProject
Project("{FAE04EC0-301F-11D3-BF4B-00C04F79EFBC}") = "Meta.Voice.Samples.LiveUnderstanding", "Meta.Voice.Samples.LiveUnderstanding.csproj", "{AAA28680-6EFA-1BBD-86A0-8EBB6318EC3B}"
EndProject
Project("{FAE04EC0-301F-11D3-BF4B-00C04F79EFBC}") = "Facebook.Wit.Dictation.Editor", "Facebook.Wit.Dictation.Editor.csproj", "{6D784B31-642E-2CC9-82AE-5BE2BB37E78E}"
EndProject
Project("{FAE04EC0-301F-11D3-BF4B-00C04F79EFBC}") = "Meta.VoiceSDK.Mic.WebGL", "Meta.VoiceSDK.Mic.WebGL.csproj", "{DD64366D-1E46-0334-2401-54CBD4D5B2F7}"
EndProject
Global
	GlobalSection(SolutionConfigurationPlatforms) = preSolution
		Debug|Any CPU = Debug|Any CPU
		Release|Any CPU = Release|Any CPU
	EndGlobalSection
	GlobalSection(ProjectConfigurationPlatforms) = postSolution
		{900DC7D2-BE38-9808-BE31-E54BA9EF28BD}.Debug|Any CPU.ActiveCfg = Debug|Any CPU
		{900DC7D2-BE38-9808-BE31-E54BA9EF28BD}.Debug|Any CPU.Build.0 = Debug|Any CPU
		{900DC7D2-BE38-9808-BE31-E54BA9EF28BD}.Release|Any CPU.ActiveCfg = Release|Any CPU
		{900DC7D2-BE38-9808-BE31-E54BA9EF28BD}.Release|Any CPU.Build.0 = Release|Any CPU
		{BAA3B81D-8426-2FAC-03BC-F56CC441D37D}.Debug|Any CPU.ActiveCfg = Debug|Any CPU
		{BAA3B81D-8426-2FAC-03BC-F56CC441D37D}.Debug|Any CPU.Build.0 = Debug|Any CPU
		{BAA3B81D-8426-2FAC-03BC-F56CC441D37D}.Release|Any CPU.ActiveCfg = Release|Any CPU
		{BAA3B81D-8426-2FAC-03BC-F56CC441D37D}.Release|Any CPU.Build.0 = Release|Any CPU
		{65D759CE-F99E-7FB5-6EF5-1EF6B6478524}.Debug|Any CPU.ActiveCfg = Debug|Any CPU
		{65D759CE-F99E-7FB5-6EF5-1EF6B6478524}.Debug|Any CPU.Build.0 = Debug|Any CPU
		{65D759CE-F99E-7FB5-6EF5-1EF6B6478524}.Release|Any CPU.ActiveCfg = Release|Any CPU
		{65D759CE-F99E-7FB5-6EF5-1EF6B6478524}.Release|Any CPU.Build.0 = Release|Any CPU
		{ADA8A6A8-2515-2729-56D7-19CBE95A6AD8}.Debug|Any CPU.ActiveCfg = Debug|Any CPU
		{ADA8A6A8-2515-2729-56D7-19CBE95A6AD8}.Debug|Any CPU.Build.0 = Debug|Any CPU
		{ADA8A6A8-2515-2729-56D7-19CBE95A6AD8}.Release|Any CPU.ActiveCfg = Release|Any CPU
		{ADA8A6A8-2515-2729-56D7-19CBE95A6AD8}.Release|Any CPU.Build.0 = Release|Any CPU
		{DED7CD22-DAEB-D866-CCD7-5DC872DDB8B7}.Debug|Any CPU.ActiveCfg = Debug|Any CPU
		{DED7CD22-DAEB-D866-CCD7-5DC872DDB8B7}.Debug|Any CPU.Build.0 = Debug|Any CPU
		{DED7CD22-DAEB-D866-CCD7-5DC872DDB8B7}.Release|Any CPU.ActiveCfg = Release|Any CPU
		{DED7CD22-DAEB-D866-CCD7-5DC872DDB8B7}.Release|Any CPU.Build.0 = Release|Any CPU
		{51B5EEA6-25C3-8D19-8E46-92A789DE18AA}.Debug|Any CPU.ActiveCfg = Debug|Any CPU
		{51B5EEA6-25C3-8D19-8E46-92A789DE18AA}.Debug|Any CPU.Build.0 = Debug|Any CPU
		{51B5EEA6-25C3-8D19-8E46-92A789DE18AA}.Release|Any CPU.ActiveCfg = Release|Any CPU
		{51B5EEA6-25C3-8D19-8E46-92A789DE18AA}.Release|Any CPU.Build.0 = Release|Any CPU
		{E6DFC247-0987-60B9-487C-03246AD0A4E1}.Debug|Any CPU.ActiveCfg = Debug|Any CPU
		{E6DFC247-0987-60B9-487C-03246AD0A4E1}.Debug|Any CPU.Build.0 = Debug|Any CPU
		{E6DFC247-0987-60B9-487C-03246AD0A4E1}.Release|Any CPU.ActiveCfg = Release|Any CPU
		{E6DFC247-0987-60B9-487C-03246AD0A4E1}.Release|Any CPU.Build.0 = Release|Any CPU
		{BA066E86-C058-48C3-7F62-306431D4AD54}.Debug|Any CPU.ActiveCfg = Debug|Any CPU
		{BA066E86-C058-48C3-7F62-306431D4AD54}.Debug|Any CPU.Build.0 = Debug|Any CPU
		{BA066E86-C058-48C3-7F62-306431D4AD54}.Release|Any CPU.ActiveCfg = Release|Any CPU
		{BA066E86-C058-48C3-7F62-306431D4AD54}.Release|Any CPU.Build.0 = Release|Any CPU
		{1E492136-6390-A99A-5ADC-12CE98C668BA}.Debug|Any CPU.ActiveCfg = Debug|Any CPU
		{1E492136-6390-A99A-5ADC-12CE98C668BA}.Debug|Any CPU.Build.0 = Debug|Any CPU
		{1E492136-6390-A99A-5ADC-12CE98C668BA}.Release|Any CPU.ActiveCfg = Release|Any CPU
		{1E492136-6390-A99A-5ADC-12CE98C668BA}.Release|Any CPU.Build.0 = Release|Any CPU
		{731F5E7A-6E97-9EDB-082F-45090E1EB573}.Debug|Any CPU.ActiveCfg = Debug|Any CPU
		{731F5E7A-6E97-9EDB-082F-45090E1EB573}.Debug|Any CPU.Build.0 = Debug|Any CPU
		{731F5E7A-6E97-9EDB-082F-45090E1EB573}.Release|Any CPU.ActiveCfg = Release|Any CPU
		{731F5E7A-6E97-9EDB-082F-45090E1EB573}.Release|Any CPU.Build.0 = Release|Any CPU
		{0B9C941E-D66D-79BC-CFC7-8770BC1859DD}.Debug|Any CPU.ActiveCfg = Debug|Any CPU
		{0B9C941E-D66D-79BC-CFC7-8770BC1859DD}.Debug|Any CPU.Build.0 = Debug|Any CPU
		{0B9C941E-D66D-79BC-CFC7-8770BC1859DD}.Release|Any CPU.ActiveCfg = Release|Any CPU
		{0B9C941E-D66D-79BC-CFC7-8770BC1859DD}.Release|Any CPU.Build.0 = Release|Any CPU
		{8E7C8A8B-843A-4C85-A279-CE2AB5CB328B}.Debug|Any CPU.ActiveCfg = Debug|Any CPU
		{8E7C8A8B-843A-4C85-A279-CE2AB5CB328B}.Debug|Any CPU.Build.0 = Debug|Any CPU
		{8E7C8A8B-843A-4C85-A279-CE2AB5CB328B}.Release|Any CPU.ActiveCfg = Release|Any CPU
		{8E7C8A8B-843A-4C85-A279-CE2AB5CB328B}.Release|Any CPU.Build.0 = Release|Any CPU
		{4F01857C-B0AB-FA5C-045F-63F599D22C7E}.Debug|Any CPU.ActiveCfg = Debug|Any CPU
		{4F01857C-B0AB-FA5C-045F-63F599D22C7E}.Debug|Any CPU.Build.0 = Debug|Any CPU
		{4F01857C-B0AB-FA5C-045F-63F599D22C7E}.Release|Any CPU.ActiveCfg = Release|Any CPU
		{4F01857C-B0AB-FA5C-045F-63F599D22C7E}.Release|Any CPU.Build.0 = Release|Any CPU
		{FD46ED19-2A49-BD3F-55F7-8C975171B07B}.Debug|Any CPU.ActiveCfg = Debug|Any CPU
		{FD46ED19-2A49-BD3F-55F7-8C975171B07B}.Debug|Any CPU.Build.0 = Debug|Any CPU
		{FD46ED19-2A49-BD3F-55F7-8C975171B07B}.Release|Any CPU.ActiveCfg = Release|Any CPU
		{FD46ED19-2A49-BD3F-55F7-8C975171B07B}.Release|Any CPU.Build.0 = Release|Any CPU
		{A52CADC0-411B-5A8F-2A2E-3780BCC32D92}.Debug|Any CPU.ActiveCfg = Debug|Any CPU
		{A52CADC0-411B-5A8F-2A2E-3780BCC32D92}.Debug|Any CPU.Build.0 = Debug|Any CPU
		{A52CADC0-411B-5A8F-2A2E-3780BCC32D92}.Release|Any CPU.ActiveCfg = Release|Any CPU
		{A52CADC0-411B-5A8F-2A2E-3780BCC32D92}.Release|Any CPU.Build.0 = Release|Any CPU
		{B4B9C89F-B990-D61D-E18B-0A1B5AEF77E8}.Debug|Any CPU.ActiveCfg = Debug|Any CPU
		{B4B9C89F-B990-D61D-E18B-0A1B5AEF77E8}.Debug|Any CPU.Build.0 = Debug|Any CPU
		{B4B9C89F-B990-D61D-E18B-0A1B5AEF77E8}.Release|Any CPU.ActiveCfg = Release|Any CPU
		{B4B9C89F-B990-D61D-E18B-0A1B5AEF77E8}.Release|Any CPU.Build.0 = Release|Any CPU
		{01D18582-34D9-6DFD-A105-8C49F8313455}.Debug|Any CPU.ActiveCfg = Debug|Any CPU
		{01D18582-34D9-6DFD-A105-8C49F8313455}.Debug|Any CPU.Build.0 = Debug|Any CPU
		{01D18582-34D9-6DFD-A105-8C49F8313455}.Release|Any CPU.ActiveCfg = Release|Any CPU
		{01D18582-34D9-6DFD-A105-8C49F8313455}.Release|Any CPU.Build.0 = Release|Any CPU
		{47039BC6-423B-3EF2-5AC9-56CA57DA868A}.Debug|Any CPU.ActiveCfg = Debug|Any CPU
		{47039BC6-423B-3EF2-5AC9-56CA57DA868A}.Debug|Any CPU.Build.0 = Debug|Any CPU
		{47039BC6-423B-3EF2-5AC9-56CA57DA868A}.Release|Any CPU.ActiveCfg = Release|Any CPU
		{47039BC6-423B-3EF2-5AC9-56CA57DA868A}.Release|Any CPU.Build.0 = Release|Any CPU
		{90507262-5BF7-BF7E-2B01-23E531A6142D}.Debug|Any CPU.ActiveCfg = Debug|Any CPU
		{90507262-5BF7-BF7E-2B01-23E531A6142D}.Debug|Any CPU.Build.0 = Debug|Any CPU
		{90507262-5BF7-BF7E-2B01-23E531A6142D}.Release|Any CPU.ActiveCfg = Release|Any CPU
		{90507262-5BF7-BF7E-2B01-23E531A6142D}.Release|Any CPU.Build.0 = Release|Any CPU
		{ABB1E98B-6EFA-1F8C-6DBB-BE98F0FADF48}.Debug|Any CPU.ActiveCfg = Debug|Any CPU
		{ABB1E98B-6EFA-1F8C-6DBB-BE98F0FADF48}.Debug|Any CPU.Build.0 = Debug|Any CPU
		{ABB1E98B-6EFA-1F8C-6DBB-BE98F0FADF48}.Release|Any CPU.ActiveCfg = Release|Any CPU
		{ABB1E98B-6EFA-1F8C-6DBB-BE98F0FADF48}.Release|Any CPU.Build.0 = Release|Any CPU
		{C3BAD54C-841F-637D-7E4F-54DFD4AC292D}.Debug|Any CPU.ActiveCfg = Debug|Any CPU
		{C3BAD54C-841F-637D-7E4F-54DFD4AC292D}.Debug|Any CPU.Build.0 = Debug|Any CPU
		{C3BAD54C-841F-637D-7E4F-54DFD4AC292D}.Release|Any CPU.ActiveCfg = Release|Any CPU
		{C3BAD54C-841F-637D-7E4F-54DFD4AC292D}.Release|Any CPU.Build.0 = Release|Any CPU
		{F3C0EFC9-DA71-BE6C-931D-3EEA7F8FE715}.Debug|Any CPU.ActiveCfg = Debug|Any CPU
		{F3C0EFC9-DA71-BE6C-931D-3EEA7F8FE715}.Debug|Any CPU.Build.0 = Debug|Any CPU
		{F3C0EFC9-DA71-BE6C-931D-3EEA7F8FE715}.Release|Any CPU.ActiveCfg = Release|Any CPU
		{F3C0EFC9-DA71-BE6C-931D-3EEA7F8FE715}.Release|Any CPU.Build.0 = Release|Any CPU
		{AAEAE7F8-1062-8C2A-5110-6D509871DB8C}.Debug|Any CPU.ActiveCfg = Debug|Any CPU
		{AAEAE7F8-1062-8C2A-5110-6D509871DB8C}.Debug|Any CPU.Build.0 = Debug|Any CPU
		{AAEAE7F8-1062-8C2A-5110-6D509871DB8C}.Release|Any CPU.ActiveCfg = Release|Any CPU
		{AAEAE7F8-1062-8C2A-5110-6D509871DB8C}.Release|Any CPU.Build.0 = Release|Any CPU
		{EE38B020-1180-C28B-DA4F-47E44DFA3F80}.Debug|Any CPU.ActiveCfg = Debug|Any CPU
		{EE38B020-1180-C28B-DA4F-47E44DFA3F80}.Debug|Any CPU.Build.0 = Debug|Any CPU
		{EE38B020-1180-C28B-DA4F-47E44DFA3F80}.Release|Any CPU.ActiveCfg = Release|Any CPU
		{EE38B020-1180-C28B-DA4F-47E44DFA3F80}.Release|Any CPU.Build.0 = Release|Any CPU
		{58C7948D-3D61-726B-3867-0333E1FB08CE}.Debug|Any CPU.ActiveCfg = Debug|Any CPU
		{58C7948D-3D61-726B-3867-0333E1FB08CE}.Debug|Any CPU.Build.0 = Debug|Any CPU
		{58C7948D-3D61-726B-3867-0333E1FB08CE}.Release|Any CPU.ActiveCfg = Release|Any CPU
		{58C7948D-3D61-726B-3867-0333E1FB08CE}.Release|Any CPU.Build.0 = Release|Any CPU
		{1AD26AFB-153C-0BE9-9477-3933E267F51C}.Debug|Any CPU.ActiveCfg = Debug|Any CPU
		{1AD26AFB-153C-0BE9-9477-3933E267F51C}.Debug|Any CPU.Build.0 = Debug|Any CPU
		{1AD26AFB-153C-0BE9-9477-3933E267F51C}.Release|Any CPU.ActiveCfg = Release|Any CPU
		{1AD26AFB-153C-0BE9-9477-3933E267F51C}.Release|Any CPU.Build.0 = Release|Any CPU
		{66605DCF-7F9D-887D-6CAE-0D7E8E3BC96A}.Debug|Any CPU.ActiveCfg = Debug|Any CPU
		{66605DCF-7F9D-887D-6CAE-0D7E8E3BC96A}.Debug|Any CPU.Build.0 = Debug|Any CPU
		{66605DCF-7F9D-887D-6CAE-0D7E8E3BC96A}.Release|Any CPU.ActiveCfg = Release|Any CPU
		{66605DCF-7F9D-887D-6CAE-0D7E8E3BC96A}.Release|Any CPU.Build.0 = Release|Any CPU
		{42C2CD06-2BE2-C5DF-9292-17B859F7E3BA}.Debug|Any CPU.ActiveCfg = Debug|Any CPU
		{42C2CD06-2BE2-C5DF-9292-17B859F7E3BA}.Debug|Any CPU.Build.0 = Debug|Any CPU
		{42C2CD06-2BE2-C5DF-9292-17B859F7E3BA}.Release|Any CPU.ActiveCfg = Release|Any CPU
		{42C2CD06-2BE2-C5DF-9292-17B859F7E3BA}.Release|Any CPU.Build.0 = Release|Any CPU
		{E9D1AAB7-1D65-FABD-6AB1-547D2A2C8F69}.Debug|Any CPU.ActiveCfg = Debug|Any CPU
		{E9D1AAB7-1D65-FABD-6AB1-547D2A2C8F69}.Debug|Any CPU.Build.0 = Debug|Any CPU
		{E9D1AAB7-1D65-FABD-6AB1-547D2A2C8F69}.Release|Any CPU.ActiveCfg = Release|Any CPU
		{E9D1AAB7-1D65-FABD-6AB1-547D2A2C8F69}.Release|Any CPU.Build.0 = Release|Any CPU
		{1C710D2B-2D2C-01BD-56B1-7A001F0FE92A}.Debug|Any CPU.ActiveCfg = Debug|Any CPU
		{1C710D2B-2D2C-01BD-56B1-7A001F0FE92A}.Debug|Any CPU.Build.0 = Debug|Any CPU
		{1C710D2B-2D2C-01BD-56B1-7A001F0FE92A}.Release|Any CPU.ActiveCfg = Release|Any CPU
		{1C710D2B-2D2C-01BD-56B1-7A001F0FE92A}.Release|Any CPU.Build.0 = Release|Any CPU
		{DBC73BEB-9A69-331B-A605-4C2D5EE5F534}.Debug|Any CPU.ActiveCfg = Debug|Any CPU
		{DBC73BEB-9A69-331B-A605-4C2D5EE5F534}.Debug|Any CPU.Build.0 = Debug|Any CPU
		{DBC73BEB-9A69-331B-A605-4C2D5EE5F534}.Release|Any CPU.ActiveCfg = Release|Any CPU
		{DBC73BEB-9A69-331B-A605-4C2D5EE5F534}.Release|Any CPU.Build.0 = Release|Any CPU
		{217F9AC8-EB41-3B64-460F-A5BD77B65258}.Debug|Any CPU.ActiveCfg = Debug|Any CPU
		{217F9AC8-EB41-3B64-460F-A5BD77B65258}.Debug|Any CPU.Build.0 = Debug|Any CPU
		{217F9AC8-EB41-3B64-460F-A5BD77B65258}.Release|Any CPU.ActiveCfg = Release|Any CPU
		{217F9AC8-EB41-3B64-460F-A5BD77B65258}.Release|Any CPU.Build.0 = Release|Any CPU
		{06188B88-4ACD-F361-490F-421F446FBBF0}.Debug|Any CPU.ActiveCfg = Debug|Any CPU
		{06188B88-4ACD-F361-490F-421F446FBBF0}.Debug|Any CPU.Build.0 = Debug|Any CPU
		{06188B88-4ACD-F361-490F-421F446FBBF0}.Release|Any CPU.ActiveCfg = Release|Any CPU
		{06188B88-4ACD-F361-490F-421F446FBBF0}.Release|Any CPU.Build.0 = Release|Any CPU
		{20590269-9522-7FCB-F221-444C357025A8}.Debug|Any CPU.ActiveCfg = Debug|Any CPU
		{20590269-9522-7FCB-F221-444C357025A8}.Debug|Any CPU.Build.0 = Debug|Any CPU
		{20590269-9522-7FCB-F221-444C357025A8}.Release|Any CPU.ActiveCfg = Release|Any CPU
		{20590269-9522-7FCB-F221-444C357025A8}.Release|Any CPU.Build.0 = Release|Any CPU
		{FCBBC16A-9226-E33B-864C-44CF05B4FAC8}.Debug|Any CPU.ActiveCfg = Debug|Any CPU
		{FCBBC16A-9226-E33B-864C-44CF05B4FAC8}.Debug|Any CPU.Build.0 = Debug|Any CPU
		{FCBBC16A-9226-E33B-864C-44CF05B4FAC8}.Release|Any CPU.ActiveCfg = Release|Any CPU
		{FCBBC16A-9226-E33B-864C-44CF05B4FAC8}.Release|Any CPU.Build.0 = Release|Any CPU
		{385B66D4-275B-6EC7-7EBA-8FB68BA09E31}.Debug|Any CPU.ActiveCfg = Debug|Any CPU
		{385B66D4-275B-6EC7-7EBA-8FB68BA09E31}.Debug|Any CPU.Build.0 = Debug|Any CPU
		{385B66D4-275B-6EC7-7EBA-8FB68BA09E31}.Release|Any CPU.ActiveCfg = Release|Any CPU
		{385B66D4-275B-6EC7-7EBA-8FB68BA09E31}.Release|Any CPU.Build.0 = Release|Any CPU
		{CD963ACF-5C35-5673-6B56-1C4D57857A5F}.Debug|Any CPU.ActiveCfg = Debug|Any CPU
		{CD963ACF-5C35-5673-6B56-1C4D57857A5F}.Debug|Any CPU.Build.0 = Debug|Any CPU
		{CD963ACF-5C35-5673-6B56-1C4D57857A5F}.Release|Any CPU.ActiveCfg = Release|Any CPU
		{CD963ACF-5C35-5673-6B56-1C4D57857A5F}.Release|Any CPU.Build.0 = Release|Any CPU
		{D2997153-AA0C-868F-6EE7-78F4321C1275}.Debug|Any CPU.ActiveCfg = Debug|Any CPU
		{D2997153-AA0C-868F-6EE7-78F4321C1275}.Debug|Any CPU.Build.0 = Debug|Any CPU
		{D2997153-AA0C-868F-6EE7-78F4321C1275}.Release|Any CPU.ActiveCfg = Release|Any CPU
		{D2997153-AA0C-868F-6EE7-78F4321C1275}.Release|Any CPU.Build.0 = Release|Any CPU
		{5CA45DD8-457C-3484-8369-EDA4C67DFD02}.Debug|Any CPU.ActiveCfg = Debug|Any CPU
		{5CA45DD8-457C-3484-8369-EDA4C67DFD02}.Debug|Any CPU.Build.0 = Debug|Any CPU
		{5CA45DD8-457C-3484-8369-EDA4C67DFD02}.Release|Any CPU.ActiveCfg = Release|Any CPU
		{5CA45DD8-457C-3484-8369-EDA4C67DFD02}.Release|Any CPU.Build.0 = Release|Any CPU
		{169D715C-F3A8-D5FA-D202-245774428D4F}.Debug|Any CPU.ActiveCfg = Debug|Any CPU
		{169D715C-F3A8-D5FA-D202-245774428D4F}.Debug|Any CPU.Build.0 = Debug|Any CPU
		{169D715C-F3A8-D5FA-D202-245774428D4F}.Release|Any CPU.ActiveCfg = Release|Any CPU
		{169D715C-F3A8-D5FA-D202-245774428D4F}.Release|Any CPU.Build.0 = Release|Any CPU
		{2F9DC417-24CB-5013-0445-DD7043C1633D}.Debug|Any CPU.ActiveCfg = Debug|Any CPU
		{2F9DC417-24CB-5013-0445-DD7043C1633D}.Debug|Any CPU.Build.0 = Debug|Any CPU
		{2F9DC417-24CB-5013-0445-DD7043C1633D}.Release|Any CPU.ActiveCfg = Release|Any CPU
		{2F9DC417-24CB-5013-0445-DD7043C1633D}.Release|Any CPU.Build.0 = Release|Any CPU
		{D73B90F0-12A2-EBE0-1150-502ED9BC82A9}.Debug|Any CPU.ActiveCfg = Debug|Any CPU
		{D73B90F0-12A2-EBE0-1150-502ED9BC82A9}.Debug|Any CPU.Build.0 = Debug|Any CPU
		{D73B90F0-12A2-EBE0-1150-502ED9BC82A9}.Release|Any CPU.ActiveCfg = Release|Any CPU
		{D73B90F0-12A2-EBE0-1150-502ED9BC82A9}.Release|Any CPU.Build.0 = Release|Any CPU
		{71317666-8257-7C94-FF1C-5EB5C69303D6}.Debug|Any CPU.ActiveCfg = Debug|Any CPU
		{71317666-8257-7C94-FF1C-5EB5C69303D6}.Debug|Any CPU.Build.0 = Debug|Any CPU
		{71317666-8257-7C94-FF1C-5EB5C69303D6}.Release|Any CPU.ActiveCfg = Release|Any CPU
		{71317666-8257-7C94-FF1C-5EB5C69303D6}.Release|Any CPU.Build.0 = Release|Any CPU
		{69403E5B-529E-F996-303D-F9E4F36BE799}.Debug|Any CPU.ActiveCfg = Debug|Any CPU
		{69403E5B-529E-F996-303D-F9E4F36BE799}.Debug|Any CPU.Build.0 = Debug|Any CPU
		{69403E5B-529E-F996-303D-F9E4F36BE799}.Release|Any CPU.ActiveCfg = Release|Any CPU
		{69403E5B-529E-F996-303D-F9E4F36BE799}.Release|Any CPU.Build.0 = Release|Any CPU
		{4D5E5B53-6E9D-315E-D430-7C4C275C4F77}.Debug|Any CPU.ActiveCfg = Debug|Any CPU
		{4D5E5B53-6E9D-315E-D430-7C4C275C4F77}.Debug|Any CPU.Build.0 = Debug|Any CPU
		{4D5E5B53-6E9D-315E-D430-7C4C275C4F77}.Release|Any CPU.ActiveCfg = Release|Any CPU
		{4D5E5B53-6E9D-315E-D430-7C4C275C4F77}.Release|Any CPU.Build.0 = Release|Any CPU
		{BA980A78-0403-E28B-0497-5A699BC5B599}.Debug|Any CPU.ActiveCfg = Debug|Any CPU
		{BA980A78-0403-E28B-0497-5A699BC5B599}.Debug|Any CPU.Build.0 = Debug|Any CPU
		{BA980A78-0403-E28B-0497-5A699BC5B599}.Release|Any CPU.ActiveCfg = Release|Any CPU
		{BA980A78-0403-E28B-0497-5A699BC5B599}.Release|Any CPU.Build.0 = Release|Any CPU
		{E378AD3A-9C00-E68F-7704-702FF39CB43F}.Debug|Any CPU.ActiveCfg = Debug|Any CPU
		{E378AD3A-9C00-E68F-7704-702FF39CB43F}.Debug|Any CPU.Build.0 = Debug|Any CPU
		{E378AD3A-9C00-E68F-7704-702FF39CB43F}.Release|Any CPU.ActiveCfg = Release|Any CPU
		{E378AD3A-9C00-E68F-7704-702FF39CB43F}.Release|Any CPU.Build.0 = Release|Any CPU
		{3722FF9D-F67C-6B9E-9C42-0D4706F5041A}.Debug|Any CPU.ActiveCfg = Debug|Any CPU
		{3722FF9D-F67C-6B9E-9C42-0D4706F5041A}.Debug|Any CPU.Build.0 = Debug|Any CPU
		{3722FF9D-F67C-6B9E-9C42-0D4706F5041A}.Release|Any CPU.ActiveCfg = Release|Any CPU
		{3722FF9D-F67C-6B9E-9C42-0D4706F5041A}.Release|Any CPU.Build.0 = Release|Any CPU
		{51958226-5481-7CF0-F061-7E1103F3840A}.Debug|Any CPU.ActiveCfg = Debug|Any CPU
		{51958226-5481-7CF0-F061-7E1103F3840A}.Debug|Any CPU.Build.0 = Debug|Any CPU
		{51958226-5481-7CF0-F061-7E1103F3840A}.Release|Any CPU.ActiveCfg = Release|Any CPU
		{51958226-5481-7CF0-F061-7E1103F3840A}.Release|Any CPU.Build.0 = Release|Any CPU
		{BE176DDD-7092-F8DA-7EB2-94F30E1529E3}.Debug|Any CPU.ActiveCfg = Debug|Any CPU
		{BE176DDD-7092-F8DA-7EB2-94F30E1529E3}.Debug|Any CPU.Build.0 = Debug|Any CPU
		{BE176DDD-7092-F8DA-7EB2-94F30E1529E3}.Release|Any CPU.ActiveCfg = Release|Any CPU
		{BE176DDD-7092-F8DA-7EB2-94F30E1529E3}.Release|Any CPU.Build.0 = Release|Any CPU
		{94077B40-B311-3A2B-6CA2-BD6084077332}.Debug|Any CPU.ActiveCfg = Debug|Any CPU
		{94077B40-B311-3A2B-6CA2-BD6084077332}.Debug|Any CPU.Build.0 = Debug|Any CPU
		{94077B40-B311-3A2B-6CA2-BD6084077332}.Release|Any CPU.ActiveCfg = Release|Any CPU
		{94077B40-B311-3A2B-6CA2-BD6084077332}.Release|Any CPU.Build.0 = Release|Any CPU
		{0BFA3977-5603-B9E0-07B7-A9E7EB4242B0}.Debug|Any CPU.ActiveCfg = Debug|Any CPU
		{0BFA3977-5603-B9E0-07B7-A9E7EB4242B0}.Debug|Any CPU.Build.0 = Debug|Any CPU
		{0BFA3977-5603-B9E0-07B7-A9E7EB4242B0}.Release|Any CPU.ActiveCfg = Release|Any CPU
		{0BFA3977-5603-B9E0-07B7-A9E7EB4242B0}.Release|Any CPU.Build.0 = Release|Any CPU
		{AAA28680-6EFA-1BBD-86A0-8EBB6318EC3B}.Debug|Any CPU.ActiveCfg = Debug|Any CPU
		{AAA28680-6EFA-1BBD-86A0-8EBB6318EC3B}.Debug|Any CPU.Build.0 = Debug|Any CPU
		{AAA28680-6EFA-1BBD-86A0-8EBB6318EC3B}.Release|Any CPU.ActiveCfg = Release|Any CPU
		{AAA28680-6EFA-1BBD-86A0-8EBB6318EC3B}.Release|Any CPU.Build.0 = Release|Any CPU
		{6D784B31-642E-2CC9-82AE-5BE2BB37E78E}.Debug|Any CPU.ActiveCfg = Debug|Any CPU
		{6D784B31-642E-2CC9-82AE-5BE2BB37E78E}.Debug|Any CPU.Build.0 = Debug|Any CPU
		{6D784B31-642E-2CC9-82AE-5BE2BB37E78E}.Release|Any CPU.ActiveCfg = Release|Any CPU
		{6D784B31-642E-2CC9-82AE-5BE2BB37E78E}.Release|Any CPU.Build.0 = Release|Any CPU
		{DD64366D-1E46-0334-2401-54CBD4D5B2F7}.Debug|Any CPU.ActiveCfg = Debug|Any CPU
		{DD64366D-1E46-0334-2401-54CBD4D5B2F7}.Debug|Any CPU.Build.0 = Debug|Any CPU
		{DD64366D-1E46-0334-2401-54CBD4D5B2F7}.Release|Any CPU.ActiveCfg = Release|Any CPU
		{DD64366D-1E46-0334-2401-54CBD4D5B2F7}.Release|Any CPU.Build.0 = Release|Any CPU
	EndGlobalSection
	GlobalSection(SolutionProperties) = preSolution
		HideSolutionNode = FALSE
	EndGlobalSection
EndGlobal
